# This is a Gradle generated file for dependency locking.
# Manual edits can break the build and are not advised.
# This file is expected to be part of source control.
com.github.oshi:oshi-core:6.4.10=minecraftLinuxNativeSeed
com.google.code.gson:gson:2.10.1=minecraftLinuxNativeSeed,neoFormRuntimeExternalTools
com.google.guava:failureaccess:1.0.1=minecraftLinuxNativeSeed
com.google.guava:guava:32.1.2-jre=minecraftLinuxNativeSeed
com.ibm.icu:icu4j:73.2=minecraftLinuxNativeSeed
com.mojang:authlib:6.0.54=minecraftLinuxNativeSeed
com.mojang:blocklist:1.0.10=minecraftLinuxNativeSeed
com.mojang:brigadier:1.3.10=minecraftLinuxNativeSeed
com.mojang:datafixerupper:8.0.16=minecraftLinuxNativeSeed
com.mojang:logging:1.2.7=minecraftLinuxNativeSeed
com.mojang:patchy:2.2.10=minecraftLinuxNativeSeed
com.mojang:text2speech:1.17.9=minecraftLinuxNativeSeed
com.nothome:javaxdelta:2.0.1=neoFormRuntimeExternalTools
commons-codec:commons-codec:1.16.0=minecraftLinuxNativeSeed
commons-io:commons-io:2.15.1=minecraftLinuxNativeSeed
commons-logging:commons-logging:1.2=minecraftLinuxNativeSeed
de.siegmar:fastcsv:2.0.0=neoFormRuntimeExternalTools
io.codechicken:DiffPatch:2.0.0.36=neoFormRuntimeExternalTools
io.netty:netty-buffer:4.1.97.Final=minecraftLinuxNativeSeed
io.netty:netty-codec:4.1.97.Final=minecraftLinuxNativeSeed
io.netty:netty-common:4.1.97.Final=minecraftLinuxNativeSeed
io.netty:netty-handler:4.1.97.Final=minecraftLinuxNativeSeed
io.netty:netty-resolver:4.1.97.Final=minecraftLinuxNativeSeed
io.netty:netty-transport-classes-epoll:4.1.97.Final=minecraftLinuxNativeSeed
io.netty:netty-transport-native-epoll:4.1.97.Final=minecraftLinuxNativeSeed
io.netty:netty-transport-native-unix-common:4.1.97.Final=minecraftLinuxNativeSeed
io.netty:netty-transport:4.1.97.Final=minecraftLinuxNativeSeed
it.unimi.dsi:fastutil:8.3.1=neoFormRuntimeExternalTools
it.unimi.dsi:fastutil:8.5.12=minecraftLinuxNativeSeed
net.covers1624:Quack:0.4.10.101=neoFormRuntimeExternalTools
net.java.dev.jna:jna-platform:5.14.0=minecraftLinuxNativeSeed
net.java.dev.jna:jna:5.14.0=minecraftLinuxNativeSeed
net.minecraftforge:mergetool:1.1.7=neoFormRuntimeExternalTools
net.minecraftforge:srgutils:0.4.15=neoFormRuntimeExternalTools
net.neoforged.accesstransformers:at-parser:13.0.1=neoFormRuntimeExternalTools
net.neoforged.installertools:binarypatcher:4.0.12=neoFormRuntimeExternalTools
net.neoforged.installertools:cli-utils:4.0.12=neoFormRuntimeExternalTools
net.neoforged.installertools:installertools:4.0.12=neoFormRuntimeExternalTools
net.neoforged.javadoctor:gson-io:2.0.17=neoFormRuntimeExternalTools
net.neoforged.javadoctor:spec:2.0.17=neoFormRuntimeExternalTools
net.neoforged.jst:jst-cli-bundle:2.0.6=neoFormRuntimeExternalTools
net.neoforged:AutoRenamingTool:2.0.17=neoFormRuntimeExternalTools
net.neoforged:accesstransformers:13.0.1=neoFormRuntimeExternalTools
net.neoforged:minecraft-dependencies:1.21.1=minecraftLinuxNativeSeed
net.neoforged:neoform-runtime:2.0.18=neoFormRuntimeExternalTools,neoFormRuntimeTool
net.neoforged:srgutils:1.0.0=neoFormRuntimeExternalTools
net.sf.jopt-simple:jopt-simple:5.0.4=minecraftLinuxNativeSeed
net.sf.jopt-simple:jopt-simple:6.0-alpha-3=neoFormRuntimeExternalTools
org.apache.commons:commons-compress:1.18=neoFormRuntimeExternalTools
org.apache.commons:commons-compress:1.26.0=minecraftLinuxNativeSeed
org.apache.commons:commons-lang3:3.14.0=minecraftLinuxNativeSeed
org.apache.commons:commons-lang3:3.9=neoFormRuntimeExternalTools
org.apache.httpcomponents:httpclient:4.5.13=minecraftLinuxNativeSeed
org.apache.httpcomponents:httpcore:4.4.16=minecraftLinuxNativeSeed
org.apache.logging.log4j:log4j-api:2.22.1=minecraftLinuxNativeSeed
org.apache.logging.log4j:log4j-core:2.22.1=minecraftLinuxNativeSeed
org.apache.logging.log4j:log4j-slf4j2-impl:2.22.1=minecraftLinuxNativeSeed
org.jcraft:jorbis:0.0.17=minecraftLinuxNativeSeed
org.joml:joml:1.10.5=minecraftLinuxNativeSeed
org.lwjgl:lwjgl-freetype:3.3.3=minecraftLinuxNativeSeed,minecraftNativeSeed
org.lwjgl:lwjgl-glfw:3.3.3=minecraftLinuxNativeSeed,minecraftNativeSeed
org.lwjgl:lwjgl-jemalloc:3.3.3=minecraftLinuxNativeSeed,minecraftNativeSeed
org.lwjgl:lwjgl-openal:3.3.3=minecraftLinuxNativeSeed,minecraftNativeSeed
org.lwjgl:lwjgl-opengl:3.3.3=minecraftLinuxNativeSeed,minecraftNativeSeed
org.lwjgl:lwjgl-stb:3.3.3=minecraftLinuxNativeSeed,minecraftNativeSeed
org.lwjgl:lwjgl-tinyfd:3.3.3=minecraftLinuxNativeSeed,minecraftNativeSeed
org.lwjgl:lwjgl:3.3.3=minecraftLinuxNativeSeed,minecraftNativeSeed
org.lz4:lz4-java:1.8.0=minecraftLinuxNativeSeed
org.ow2.asm:asm-analysis:9.5=neoFormRuntimeExternalTools
org.ow2.asm:asm-commons:9.9.1=neoFormRuntimeExternalTools
org.ow2.asm:asm-tree:9.9.1=neoFormRuntimeExternalTools
org.ow2.asm:asm-util:9.5=neoFormRuntimeExternalTools
org.ow2.asm:asm:9.9.1=neoFormRuntimeExternalTools
org.slf4j:slf4j-api:2.0.9=minecraftLinuxNativeSeed
org.tukaani:xz:1.10=neoFormRuntimeExternalTools
trove:trove:1.0.2=neoFormRuntimeExternalTools
empty=
