# This is a Gradle generated file for dependency locking.
# Manual edits can break the build and are not advised.
# This file is expected to be part of source control.
com.electronwill.night-config:core:3.8.3=compileClasspath,implementationDependenciesMetadata,runtimeClasspath,testCompileClasspath,testImplementationDependenciesMetadata,testRuntimeClasspath
com.electronwill.night-config:toml:3.8.3=compileClasspath,implementationDependenciesMetadata,runtimeClasspath,testCompileClasspath,testImplementationDependenciesMetadata,testRuntimeClasspath
com.fasterxml.woodstox:woodstox-core:7.1.0=runtimeClasspath,testRuntimeClasspath
com.google.code.gson:gson:2.14.0=compileClasspath,implementationDependenciesMetadata,runtimeClasspath,testCompileClasspath,testImplementationDependenciesMetadata,testRuntimeClasspath
com.google.errorprone:error_prone_annotations:2.48.0=compileClasspath,implementationDependenciesMetadata,runtimeClasspath,testCompileClasspath,testImplementationDependenciesMetadata,testRuntimeClasspath
com.gradleup.shadow:shadow-gradle-plugin:9.2.2=compileClasspath,implementationDependenciesMetadata,runtimeClasspath,testCompileClasspath,testImplementationDependenciesMetadata,testRuntimeClasspath
commons-io:commons-io:2.20.0=runtimeClasspath,testRuntimeClasspath
gradle.plugin.org.jetbrains.gradle.plugin.idea-ext:gradle-idea-ext:1.2=compileClasspath,implementationDependenciesMetadata,runtimeClasspath,testCompileClasspath,testImplementationDependenciesMetadata,testRuntimeClasspath
net.neoforged:moddev-gradle:2.0.134=compileClasspath,implementationDependenciesMetadata,runtimeClasspath,testCompileClasspath,testImplementationDependenciesMetadata,testRuntimeClasspath
org.apache.ant:ant-launcher:1.10.15=compileClasspath,implementationDependenciesMetadata,runtimeClasspath,testCompileClasspath,testImplementationDependenciesMetadata,testRuntimeClasspath
org.apache.ant:ant:1.10.15=compileClasspath,implementationDependenciesMetadata,runtimeClasspath,testCompileClasspath,testImplementationDependenciesMetadata,testRuntimeClasspath
org.apache.logging.log4j:log4j-api:2.25.2=runtimeClasspath,testRuntimeClasspath
org.apache.logging.log4j:log4j-core:2.25.2=runtimeClasspath,testRuntimeClasspath
org.apache.maven:maven-api-annotations:4.0.0-rc-3=runtimeClasspath,testRuntimeClasspath
org.apache.maven:maven-api-xml:4.0.0-rc-3=runtimeClasspath,testRuntimeClasspath
org.apache.maven:maven-xml:4.0.0-rc-3=runtimeClasspath,testRuntimeClasspath
org.apiguardian:apiguardian-api:1.1.2=testCompileClasspath,testImplementationDependenciesMetadata
org.codehaus.plexus:plexus-utils:4.0.2=runtimeClasspath,testRuntimeClasspath
org.codehaus.plexus:plexus-xml:4.1.0=runtimeClasspath,testRuntimeClasspath
org.codehaus.woodstox:stax2-api:4.2.2=runtimeClasspath,testRuntimeClasspath
org.jdom:jdom2:2.0.6.1=runtimeClasspath,testRuntimeClasspath
org.jetbrains.intellij.deps:trove4j:1.0.20200330=kotlinBuildToolsApiClasspath,kotlinCompilerClasspath,kotlinKlibCommonizerClasspath
org.jetbrains.kotlin:kotlin-assignment-compiler-plugin-embeddable:2.0.21=kotlinCompilerPluginClasspathMain,kotlinCompilerPluginClasspathTest
org.jetbrains.kotlin:kotlin-build-common:2.0.21=kotlinBuildToolsApiClasspath
org.jetbrains.kotlin:kotlin-build-tools-api:2.0.21=kotlinBuildToolsApiClasspath
org.jetbrains.kotlin:kotlin-build-tools-impl:2.0.21=kotlinBuildToolsApiClasspath
org.jetbrains.kotlin:kotlin-compiler-embeddable:2.0.21=kotlinBuildToolsApiClasspath,kotlinCompilerClasspath,kotlinKlibCommonizerClasspath
org.jetbrains.kotlin:kotlin-compiler-runner:2.0.21=kotlinBuildToolsApiClasspath
org.jetbrains.kotlin:kotlin-daemon-client:2.0.21=kotlinBuildToolsApiClasspath
org.jetbrains.kotlin:kotlin-daemon-embeddable:2.0.21=kotlinBuildToolsApiClasspath,kotlinCompilerClasspath,kotlinKlibCommonizerClasspath
org.jetbrains.kotlin:kotlin-klib-commonizer-embeddable:2.0.21=kotlinKlibCommonizerClasspath
org.jetbrains.kotlin:kotlin-metadata-jvm:2.2.20=runtimeClasspath,testRuntimeClasspath
org.jetbrains.kotlin:kotlin-reflect:1.6.10=kotlinBuildToolsApiClasspath,kotlinCompilerClasspath,kotlinKlibCommonizerClasspath
org.jetbrains.kotlin:kotlin-reflect:2.0.21=compileClasspath,compileOnlyDependenciesMetadata,embeddedKotlin,testCompileClasspath,testImplementationDependenciesMetadata,testRuntimeClasspath
org.jetbrains.kotlin:kotlin-sam-with-receiver-compiler-plugin-embeddable:2.0.21=kotlinCompilerPluginClasspathMain,kotlinCompilerPluginClasspathTest
org.jetbrains.kotlin:kotlin-script-runtime:2.0.21=compilePluginsBlocksPluginClasspathElements,kotlinBuildToolsApiClasspath,kotlinCompilerClasspath,kotlinCompilerPluginClasspathMain,kotlinCompilerPluginClasspathTest,kotlinKlibCommonizerClasspath
org.jetbrains.kotlin:kotlin-scripting-common:2.0.21=compilePluginsBlocksPluginClasspathElements,kotlinBuildToolsApiClasspath,kotlinCompilerPluginClasspathMain,kotlinCompilerPluginClasspathTest
org.jetbrains.kotlin:kotlin-scripting-compiler-embeddable:2.0.21=compilePluginsBlocksPluginClasspathElements,kotlinBuildToolsApiClasspath,kotlinCompilerPluginClasspathMain,kotlinCompilerPluginClasspathTest
org.jetbrains.kotlin:kotlin-scripting-compiler-impl-embeddable:2.0.21=compilePluginsBlocksPluginClasspathElements,kotlinBuildToolsApiClasspath,kotlinCompilerPluginClasspathMain,kotlinCompilerPluginClasspathTest
org.jetbrains.kotlin:kotlin-scripting-jvm:2.0.21=compilePluginsBlocksPluginClasspathElements,kotlinBuildToolsApiClasspath,kotlinCompilerPluginClasspathMain,kotlinCompilerPluginClasspathTest
org.jetbrains.kotlin:kotlin-stdlib:2.0.21=compileClasspath,compileOnlyDependenciesMetadata,compilePluginsBlocksPluginClasspathElements,embeddedKotlin,kotlinBuildToolsApiClasspath,kotlinCompilerClasspath,kotlinCompilerPluginClasspathMain,kotlinCompilerPluginClasspathTest,kotlinKlibCommonizerClasspath,testCompileClasspath,testImplementationDependenciesMetadata
org.jetbrains.kotlin:kotlin-stdlib:2.2.20=runtimeClasspath,testRuntimeClasspath
org.jetbrains.kotlinx:kotlinx-coroutines-core-jvm:1.6.4=kotlinBuildToolsApiClasspath,kotlinCompilerClasspath,kotlinKlibCommonizerClasspath
org.jetbrains:annotations:13.0=compileClasspath,compilePluginsBlocksPluginClasspathElements,embeddedKotlin,kotlinBuildToolsApiClasspath,kotlinCompilerClasspath,kotlinCompilerPluginClasspathMain,kotlinCompilerPluginClasspathTest,kotlinKlibCommonizerClasspath,runtimeClasspath,testCompileClasspath,testRuntimeClasspath
org.jspecify:jspecify:1.0.0=testCompileClasspath,testImplementationDependenciesMetadata
org.junit.jupiter:junit-jupiter-api:6.1.2=testCompileClasspath,testImplementationDependenciesMetadata,testRuntimeClasspath
org.junit.jupiter:junit-jupiter-engine:6.1.2=testRuntimeClasspath
org.junit.jupiter:junit-jupiter-params:6.1.2=testCompileClasspath,testImplementationDependenciesMetadata,testRuntimeClasspath
org.junit.jupiter:junit-jupiter:6.1.2=testCompileClasspath,testImplementationDependenciesMetadata,testRuntimeClasspath
org.junit.platform:junit-platform-commons:6.1.2=testCompileClasspath,testImplementationDependenciesMetadata,testRuntimeClasspath
org.junit.platform:junit-platform-engine:6.1.2=testRuntimeClasspath
org.junit.platform:junit-platform-launcher:6.1.2=testRuntimeClasspath
org.junit:junit-bom:6.1.2=testCompileClasspath,testImplementationDependenciesMetadata,testRuntimeClasspath
org.opentest4j:opentest4j:1.3.0=testCompileClasspath,testImplementationDependenciesMetadata,testRuntimeClasspath
org.ow2.asm:asm-commons:9.8=runtimeClasspath,testRuntimeClasspath
org.ow2.asm:asm-tree:9.8=runtimeClasspath,testRuntimeClasspath
org.ow2.asm:asm:9.8=runtimeClasspath,testRuntimeClasspath
org.vafer:jdependency:2.13=runtimeClasspath,testRuntimeClasspath
empty=annotationProcessor,apiDependenciesMetadata,intransitiveDependenciesMetadata,kotlinCompilerPluginClasspath,kotlinNativeCompilerPluginClasspath,kotlinScriptDefExtensions,testAnnotationProcessor,testApiDependenciesMetadata,testCompileOnlyDependenciesMetadata,testIntransitiveDependenciesMetadata,testKotlinScriptDefExtensions
