# This is a Gradle generated file for dependency locking.
# Manual edits can break the build and are not advised.
# This file is expected to be part of source control.
ca.weblite:java-objc-bridge:1.1=clientruntimeCompileClasspath,compileClasspath,neoFormRuntimeDependenciesCompileClasspath,serverruntimeCompileClasspath
com.electronwill.night-config:core:3.8.3=additionalRuntimeClasspath,clientLegacyClasspath,clientruntimeCompileClasspath,clientruntimeRuntimeClasspath,compileClasspath,neoFormRuntimeDependenciesCompileClasspath,neoFormRuntimeDependenciesRuntimeClasspath,runtimeClasspath,serverLegacyClasspath,serverruntimeCompileClasspath,serverruntimeRuntimeClasspath
com.electronwill.night-config:toml:3.8.3=additionalRuntimeClasspath,clientLegacyClasspath,clientruntimeCompileClasspath,clientruntimeRuntimeClasspath,compileClasspath,neoFormRuntimeDependenciesCompileClasspath,neoFormRuntimeDependenciesRuntimeClasspath,runtimeClasspath,serverLegacyClasspath,serverruntimeCompileClasspath,serverruntimeRuntimeClasspath
com.github.oshi:oshi-core:6.4.10=additionalRuntimeClasspath,clientLegacyClasspath,clientruntimeCompileClasspath,clientruntimeRuntimeClasspath,compileClasspath,neoFormRuntimeDependenciesCompileClasspath,neoFormRuntimeDependenciesRuntimeClasspath,runtimeClasspath,serverLegacyClasspath,serverruntimeCompileClasspath,serverruntimeRuntimeClasspath
com.google.code.findbugs:jsr305:3.0.2=additionalRuntimeClasspath,clientLegacyClasspath,clientruntimeCompileClasspath,clientruntimeRuntimeClasspath,compileClasspath,neoFormRuntimeDependenciesCompileClasspath,neoFormRuntimeDependenciesRuntimeClasspath,runtimeClasspath,serverLegacyClasspath,serverruntimeCompileClasspath,serverruntimeRuntimeClasspath
com.google.code.gson:gson:2.10.1=additionalRuntimeClasspath,clientLegacyClasspath,clientruntimeCompileClasspath,clientruntimeRuntimeClasspath,compileClasspath,neoFormRuntimeDependenciesCompileClasspath,neoFormRuntimeDependenciesRuntimeClasspath,neoFormRuntimeExternalTools,runtimeClasspath,serverLegacyClasspath,serverruntimeCompileClasspath,serverruntimeRuntimeClasspath
com.google.errorprone:error_prone_annotations:2.18.0=additionalRuntimeClasspath,clientLegacyClasspath,clientruntimeCompileClasspath,clientruntimeRuntimeClasspath,compileClasspath,neoFormRuntimeDependenciesCompileClasspath,neoFormRuntimeDependenciesRuntimeClasspath,runtimeClasspath,serverLegacyClasspath,serverruntimeCompileClasspath,serverruntimeRuntimeClasspath
com.google.guava:failureaccess:1.0.1=additionalRuntimeClasspath,clientLegacyClasspath,clientruntimeCompileClasspath,clientruntimeRuntimeClasspath,compileClasspath,neoFormRuntimeDependenciesCompileClasspath,neoFormRuntimeDependenciesRuntimeClasspath,runtimeClasspath,serverLegacyClasspath,serverruntimeCompileClasspath,serverruntimeRuntimeClasspath
com.google.guava:guava:32.1.2-jre=additionalRuntimeClasspath,clientLegacyClasspath,clientruntimeCompileClasspath,clientruntimeRuntimeClasspath,compileClasspath,neoFormRuntimeDependenciesCompileClasspath,neoFormRuntimeDependenciesRuntimeClasspath,runtimeClasspath,serverLegacyClasspath,serverruntimeCompileClasspath,serverruntimeRuntimeClasspath
com.google.guava:listenablefuture:9999.0-empty-to-avoid-conflict-with-guava=additionalRuntimeClasspath,clientLegacyClasspath,clientruntimeCompileClasspath,clientruntimeRuntimeClasspath,compileClasspath,neoFormRuntimeDependenciesCompileClasspath,neoFormRuntimeDependenciesRuntimeClasspath,runtimeClasspath,serverLegacyClasspath,serverruntimeCompileClasspath,serverruntimeRuntimeClasspath
com.google.j2objc:j2objc-annotations:2.8=additionalRuntimeClasspath,clientLegacyClasspath,clientruntimeCompileClasspath,clientruntimeRuntimeClasspath,compileClasspath,neoFormRuntimeDependenciesCompileClasspath,neoFormRuntimeDependenciesRuntimeClasspath,runtimeClasspath,serverLegacyClasspath,serverruntimeCompileClasspath,serverruntimeRuntimeClasspath
com.ibm.icu:icu4j:73.2=additionalRuntimeClasspath,clientLegacyClasspath,clientruntimeCompileClasspath,clientruntimeRuntimeClasspath,compileClasspath,neoFormRuntimeDependenciesCompileClasspath,neoFormRuntimeDependenciesRuntimeClasspath,runtimeClasspath,serverruntimeCompileClasspath,serverruntimeRuntimeClasspath
com.machinezoo.noexception:noexception:1.7.1=additionalRuntimeClasspath,clientLegacyClasspath,clientruntimeCompileClasspath,clientruntimeRuntimeClasspath,compileClasspath,neoFormRuntimeDependenciesCompileClasspath,neoFormRuntimeDependenciesRuntimeClasspath,runtimeClasspath,serverLegacyClasspath,serverruntimeCompileClasspath,serverruntimeRuntimeClasspath
com.mojang:authlib:6.0.54=additionalRuntimeClasspath,clientLegacyClasspath,clientruntimeCompileClasspath,clientruntimeRuntimeClasspath,compileClasspath,neoFormRuntimeDependenciesCompileClasspath,neoFormRuntimeDependenciesRuntimeClasspath,runtimeClasspath,serverLegacyClasspath,serverruntimeCompileClasspath,serverruntimeRuntimeClasspath
com.mojang:blocklist:1.0.10=additionalRuntimeClasspath,clientLegacyClasspath,clientruntimeCompileClasspath,clientruntimeRuntimeClasspath,compileClasspath,neoFormRuntimeDependenciesCompileClasspath,neoFormRuntimeDependenciesRuntimeClasspath,runtimeClasspath,serverruntimeCompileClasspath,serverruntimeRuntimeClasspath
com.mojang:brigadier:1.3.10=additionalRuntimeClasspath,clientLegacyClasspath,clientruntimeCompileClasspath,clientruntimeRuntimeClasspath,compileClasspath,neoFormRuntimeDependenciesCompileClasspath,neoFormRuntimeDependenciesRuntimeClasspath,runtimeClasspath,serverLegacyClasspath,serverruntimeCompileClasspath,serverruntimeRuntimeClasspath
com.mojang:datafixerupper:8.0.16=additionalRuntimeClasspath,clientLegacyClasspath,clientruntimeCompileClasspath,clientruntimeRuntimeClasspath,compileClasspath,neoFormRuntimeDependenciesCompileClasspath,neoFormRuntimeDependenciesRuntimeClasspath,runtimeClasspath,serverLegacyClasspath,serverruntimeCompileClasspath,serverruntimeRuntimeClasspath
com.mojang:logging:1.2.7=additionalRuntimeClasspath,clientLegacyClasspath,clientruntimeCompileClasspath,clientruntimeRuntimeClasspath,compileClasspath,neoFormRuntimeDependenciesCompileClasspath,neoFormRuntimeDependenciesRuntimeClasspath,runtimeClasspath,serverLegacyClasspath,serverruntimeCompileClasspath,serverruntimeRuntimeClasspath
com.mojang:patchy:2.2.10=additionalRuntimeClasspath,clientLegacyClasspath,clientruntimeCompileClasspath,clientruntimeRuntimeClasspath,compileClasspath,neoFormRuntimeDependenciesCompileClasspath,neoFormRuntimeDependenciesRuntimeClasspath,runtimeClasspath,serverruntimeCompileClasspath,serverruntimeRuntimeClasspath
com.mojang:text2speech:1.17.9=additionalRuntimeClasspath,clientLegacyClasspath,clientruntimeCompileClasspath,clientruntimeRuntimeClasspath,compileClasspath,neoFormRuntimeDependenciesCompileClasspath,neoFormRuntimeDependenciesRuntimeClasspath,runtimeClasspath,serverruntimeCompileClasspath,serverruntimeRuntimeClasspath
com.nothome:javaxdelta:2.0.1=neoFormRuntimeExternalTools
commons-codec:commons-codec:1.16.0=additionalRuntimeClasspath,clientLegacyClasspath,clientruntimeCompileClasspath,clientruntimeRuntimeClasspath,compileClasspath,neoFormRuntimeDependenciesCompileClasspath,neoFormRuntimeDependenciesRuntimeClasspath,runtimeClasspath,serverruntimeCompileClasspath,serverruntimeRuntimeClasspath
commons-io:commons-io:2.15.1=additionalRuntimeClasspath,clientLegacyClasspath,clientruntimeCompileClasspath,clientruntimeRuntimeClasspath,compileClasspath,neoFormRuntimeDependenciesCompileClasspath,neoFormRuntimeDependenciesRuntimeClasspath,runtimeClasspath,serverLegacyClasspath,serverruntimeCompileClasspath,serverruntimeRuntimeClasspath
commons-logging:commons-logging:1.2=additionalRuntimeClasspath,clientLegacyClasspath,clientruntimeCompileClasspath,clientruntimeRuntimeClasspath,compileClasspath,neoFormRuntimeDependenciesCompileClasspath,neoFormRuntimeDependenciesRuntimeClasspath,runtimeClasspath,serverruntimeCompileClasspath,serverruntimeRuntimeClasspath
cpw.mods:bootstraplauncher:2.0.2=additionalRuntimeClasspath,clientLegacyClasspath,clientModulesOnly,clientruntimeCompileClasspath,clientruntimeRuntimeClasspath,compileClasspath,neoFormRuntimeDependenciesCompileClasspath,neoFormRuntimeDependenciesRuntimeClasspath,runtimeClasspath,serverLegacyClasspath,serverModulesOnly,serverruntimeCompileClasspath,serverruntimeRuntimeClasspath
cpw.mods:modlauncher:11.0.5=additionalRuntimeClasspath,clientLegacyClasspath,clientruntimeCompileClasspath,clientruntimeRuntimeClasspath,compileClasspath,neoFormRuntimeDependenciesCompileClasspath,neoFormRuntimeDependenciesRuntimeClasspath,runtimeClasspath,serverLegacyClasspath,serverruntimeCompileClasspath,serverruntimeRuntimeClasspath
cpw.mods:securejarhandler:3.0.8=additionalRuntimeClasspath,clientLegacyClasspath,clientModulesOnly,clientruntimeCompileClasspath,clientruntimeRuntimeClasspath,compileClasspath,neoFormRuntimeDependenciesCompileClasspath,neoFormRuntimeDependenciesRuntimeClasspath,runtimeClasspath,serverLegacyClasspath,serverModulesOnly,serverruntimeCompileClasspath,serverruntimeRuntimeClasspath
de.siegmar:fastcsv:2.0.0=neoFormRuntimeExternalTools
dev.architectury:architectury-neoforge:13.0.8=clientruntimeRuntimeClasspath,compileClasspath,runtimeClasspath,serverruntimeRuntimeClasspath,testRuntimeClasspath
dev.ftb.mods:ftb-filter-system-neoforge:21.1.4=clientruntimeRuntimeClasspath,compileClasspath,runtimeClasspath,serverruntimeRuntimeClasspath,testRuntimeClasspath
dev.ftb.mods:ftb-library-neoforge:2101.1.32=clientruntimeRuntimeClasspath,compileClasspath,runtimeClasspath,serverruntimeRuntimeClasspath,testRuntimeClasspath
io.codechicken:DiffPatch:2.0.0.36=neoFormRuntimeExternalTools
io.github.llamalad7:mixinextras-neoforge:0.5.3=clientruntimeCompileClasspath,compileClasspath,neoFormRuntimeDependenciesCompileClasspath,serverruntimeCompileClasspath
io.netty:netty-buffer:4.1.97.Final=additionalRuntimeClasspath,clientLegacyClasspath,clientruntimeCompileClasspath,clientruntimeRuntimeClasspath,compileClasspath,neoFormRuntimeDependenciesCompileClasspath,neoFormRuntimeDependenciesRuntimeClasspath,runtimeClasspath,serverLegacyClasspath,serverruntimeCompileClasspath,serverruntimeRuntimeClasspath
io.netty:netty-codec:4.1.97.Final=additionalRuntimeClasspath,clientLegacyClasspath,clientruntimeCompileClasspath,clientruntimeRuntimeClasspath,compileClasspath,neoFormRuntimeDependenciesCompileClasspath,neoFormRuntimeDependenciesRuntimeClasspath,runtimeClasspath,serverLegacyClasspath,serverruntimeCompileClasspath,serverruntimeRuntimeClasspath
io.netty:netty-common:4.1.97.Final=additionalRuntimeClasspath,clientLegacyClasspath,clientruntimeCompileClasspath,clientruntimeRuntimeClasspath,compileClasspath,neoFormRuntimeDependenciesCompileClasspath,neoFormRuntimeDependenciesRuntimeClasspath,runtimeClasspath,serverLegacyClasspath,serverruntimeCompileClasspath,serverruntimeRuntimeClasspath
io.netty:netty-handler:4.1.97.Final=additionalRuntimeClasspath,clientLegacyClasspath,clientruntimeCompileClasspath,clientruntimeRuntimeClasspath,compileClasspath,neoFormRuntimeDependenciesCompileClasspath,neoFormRuntimeDependenciesRuntimeClasspath,runtimeClasspath,serverLegacyClasspath,serverruntimeCompileClasspath,serverruntimeRuntimeClasspath
io.netty:netty-resolver:4.1.97.Final=additionalRuntimeClasspath,clientLegacyClasspath,clientruntimeCompileClasspath,clientruntimeRuntimeClasspath,compileClasspath,neoFormRuntimeDependenciesCompileClasspath,neoFormRuntimeDependenciesRuntimeClasspath,runtimeClasspath,serverLegacyClasspath,serverruntimeCompileClasspath,serverruntimeRuntimeClasspath
io.netty:netty-transport-classes-epoll:4.1.97.Final=additionalRuntimeClasspath,clientLegacyClasspath,clientruntimeCompileClasspath,clientruntimeRuntimeClasspath,compileClasspath,neoFormRuntimeDependenciesCompileClasspath,neoFormRuntimeDependenciesRuntimeClasspath,runtimeClasspath,serverLegacyClasspath,serverruntimeCompileClasspath,serverruntimeRuntimeClasspath
io.netty:netty-transport-native-unix-common:4.1.97.Final=additionalRuntimeClasspath,clientLegacyClasspath,clientruntimeCompileClasspath,clientruntimeRuntimeClasspath,compileClasspath,neoFormRuntimeDependenciesCompileClasspath,neoFormRuntimeDependenciesRuntimeClasspath,runtimeClasspath,serverLegacyClasspath,serverruntimeCompileClasspath,serverruntimeRuntimeClasspath
io.netty:netty-transport:4.1.97.Final=additionalRuntimeClasspath,clientLegacyClasspath,clientruntimeCompileClasspath,clientruntimeRuntimeClasspath,compileClasspath,neoFormRuntimeDependenciesCompileClasspath,neoFormRuntimeDependenciesRuntimeClasspath,runtimeClasspath,serverLegacyClasspath,serverruntimeCompileClasspath,serverruntimeRuntimeClasspath
it.unimi.dsi:fastutil:8.3.1=neoFormRuntimeExternalTools
it.unimi.dsi:fastutil:8.5.12=additionalRuntimeClasspath,clientLegacyClasspath,clientruntimeCompileClasspath,clientruntimeRuntimeClasspath,compileClasspath,neoFormRuntimeDependenciesCompileClasspath,neoFormRuntimeDependenciesRuntimeClasspath,runtimeClasspath,serverLegacyClasspath,serverruntimeCompileClasspath,serverruntimeRuntimeClasspath
maven.modrinth:56bnCCwq:CGRQn5ML=compileClasspath
net.covers1624:Quack:0.4.10.101=neoFormRuntimeExternalTools
net.fabricmc:sponge-mixin:0.15.2+mixin.0.8.7=additionalRuntimeClasspath,clientLegacyClasspath,clientruntimeCompileClasspath,clientruntimeRuntimeClasspath,compileClasspath,neoFormRuntimeDependenciesCompileClasspath,neoFormRuntimeDependenciesRuntimeClasspath,runtimeClasspath,serverLegacyClasspath,serverruntimeCompileClasspath,serverruntimeRuntimeClasspath
net.java.dev.jna:jna-platform:5.14.0=additionalRuntimeClasspath,clientLegacyClasspath,clientruntimeCompileClasspath,clientruntimeRuntimeClasspath,compileClasspath,neoFormRuntimeDependenciesCompileClasspath,neoFormRuntimeDependenciesRuntimeClasspath,runtimeClasspath,serverLegacyClasspath,serverruntimeCompileClasspath,serverruntimeRuntimeClasspath
net.java.dev.jna:jna:5.14.0=additionalRuntimeClasspath,clientLegacyClasspath,clientruntimeCompileClasspath,clientruntimeRuntimeClasspath,compileClasspath,neoFormRuntimeDependenciesCompileClasspath,neoFormRuntimeDependenciesRuntimeClasspath,runtimeClasspath,serverLegacyClasspath,serverruntimeCompileClasspath,serverruntimeRuntimeClasspath
net.jodah:typetools:0.6.3=additionalRuntimeClasspath,clientLegacyClasspath,clientruntimeCompileClasspath,clientruntimeRuntimeClasspath,compileClasspath,neoFormRuntimeDependenciesCompileClasspath,neoFormRuntimeDependenciesRuntimeClasspath,runtimeClasspath,serverLegacyClasspath,serverruntimeCompileClasspath,serverruntimeRuntimeClasspath
net.minecraftforge:mergetool:1.1.7=neoFormRuntimeExternalTools
net.minecraftforge:srgutils:0.4.15=additionalRuntimeClasspath,clientLegacyClasspath,clientruntimeRuntimeClasspath,neoFormRuntimeDependenciesRuntimeClasspath,neoFormRuntimeExternalTools,runtimeClasspath,serverLegacyClasspath,serverruntimeRuntimeClasspath
net.minecrell:terminalconsoleappender:1.3.0=additionalRuntimeClasspath,clientLegacyClasspath,clientruntimeCompileClasspath,clientruntimeRuntimeClasspath,compileClasspath,neoFormRuntimeDependenciesCompileClasspath,neoFormRuntimeDependenciesRuntimeClasspath,runtimeClasspath,serverLegacyClasspath,serverruntimeCompileClasspath,serverruntimeRuntimeClasspath
net.neoforged.accesstransformers:at-modlauncher:10.0.1=additionalRuntimeClasspath,clientLegacyClasspath,clientruntimeRuntimeClasspath,neoFormRuntimeDependenciesRuntimeClasspath,runtimeClasspath,serverLegacyClasspath,serverruntimeRuntimeClasspath
net.neoforged.accesstransformers:at-parser:13.0.1=neoFormRuntimeExternalTools
net.neoforged.fancymodloader:earlydisplay:4.0.42=additionalRuntimeClasspath,clientLegacyClasspath,clientruntimeCompileClasspath,clientruntimeRuntimeClasspath,compileClasspath,neoFormRuntimeDependenciesCompileClasspath,neoFormRuntimeDependenciesRuntimeClasspath,runtimeClasspath,serverLegacyClasspath,serverruntimeCompileClasspath,serverruntimeRuntimeClasspath
net.neoforged.fancymodloader:loader:4.0.42=additionalRuntimeClasspath,clientLegacyClasspath,clientruntimeCompileClasspath,clientruntimeRuntimeClasspath,compileClasspath,neoFormRuntimeDependenciesCompileClasspath,neoFormRuntimeDependenciesRuntimeClasspath,runtimeClasspath,serverLegacyClasspath,serverruntimeCompileClasspath,serverruntimeRuntimeClasspath
net.neoforged.installertools:binarypatcher:4.0.12=neoFormRuntimeExternalTools
net.neoforged.installertools:cli-utils:4.0.12=neoFormRuntimeExternalTools
net.neoforged.installertools:installertools:2.1.2=neoFormRuntimeDependenciesNeoForgeClasses
net.neoforged.installertools:installertools:4.0.12=neoFormRuntimeExternalTools
net.neoforged.javadoctor:gson-io:2.0.17=neoFormRuntimeExternalTools
net.neoforged.javadoctor:spec:2.0.17=neoFormRuntimeExternalTools
net.neoforged.jst:jst-cli-bundle:2.0.6=neoFormRuntimeExternalTools
net.neoforged:AutoRenamingTool:2.0.17=neoFormRuntimeExternalTools
net.neoforged:AutoRenamingTool:2.0.3=neoFormRuntimeDependenciesNeoForgeClasses
net.neoforged:DevLaunch:1.0.2=clientruntimeRuntimeClasspath,devLaunchConfig,serverruntimeRuntimeClasspath
net.neoforged:JarJarFileSystems:0.4.1=additionalRuntimeClasspath,clientLegacyClasspath,clientModulesOnly,clientruntimeCompileClasspath,clientruntimeRuntimeClasspath,compileClasspath,neoFormRuntimeDependenciesCompileClasspath,neoFormRuntimeDependenciesRuntimeClasspath,runtimeClasspath,serverLegacyClasspath,serverModulesOnly,serverruntimeCompileClasspath,serverruntimeRuntimeClasspath
net.neoforged:JarJarMetadata:0.4.1=additionalRuntimeClasspath,clientLegacyClasspath,clientruntimeCompileClasspath,clientruntimeRuntimeClasspath,compileClasspath,neoFormRuntimeDependenciesCompileClasspath,neoFormRuntimeDependenciesRuntimeClasspath,runtimeClasspath,serverLegacyClasspath,serverruntimeCompileClasspath,serverruntimeRuntimeClasspath
net.neoforged:JarJarSelector:0.4.1=additionalRuntimeClasspath,clientLegacyClasspath,clientruntimeCompileClasspath,clientruntimeRuntimeClasspath,compileClasspath,neoFormRuntimeDependenciesCompileClasspath,neoFormRuntimeDependenciesRuntimeClasspath,runtimeClasspath,serverLegacyClasspath,serverruntimeCompileClasspath,serverruntimeRuntimeClasspath
net.neoforged:accesstransformers:10.0.1=additionalRuntimeClasspath,clientLegacyClasspath,clientruntimeCompileClasspath,clientruntimeRuntimeClasspath,compileClasspath,neoFormRuntimeDependenciesCompileClasspath,neoFormRuntimeDependenciesRuntimeClasspath,runtimeClasspath,serverLegacyClasspath,serverruntimeCompileClasspath,serverruntimeRuntimeClasspath
net.neoforged:accesstransformers:13.0.1=neoFormRuntimeExternalTools
net.neoforged:bus:8.0.5=additionalRuntimeClasspath,clientLegacyClasspath,clientruntimeCompileClasspath,clientruntimeRuntimeClasspath,compileClasspath,neoFormRuntimeDependenciesCompileClasspath,neoFormRuntimeDependenciesRuntimeClasspath,runtimeClasspath,serverLegacyClasspath,serverruntimeCompileClasspath,serverruntimeRuntimeClasspath
net.neoforged:coremods:7.0.3=additionalRuntimeClasspath,clientLegacyClasspath,clientruntimeCompileClasspath,clientruntimeRuntimeClasspath,compileClasspath,neoFormRuntimeDependenciesCompileClasspath,neoFormRuntimeDependenciesRuntimeClasspath,runtimeClasspath,serverLegacyClasspath,serverruntimeCompileClasspath,serverruntimeRuntimeClasspath
net.neoforged:mergetool:2.0.0=additionalRuntimeClasspath,clientLegacyClasspath,clientruntimeRuntimeClasspath,neoFormRuntimeDependenciesRuntimeClasspath,runtimeClasspath,serverLegacyClasspath,serverruntimeRuntimeClasspath
net.neoforged:mergetool:2.0.3=clientruntimeCompileClasspath,compileClasspath,neoFormRuntimeDependenciesCompileClasspath,neoFormRuntimeDependenciesNeoForgeClasses,serverruntimeCompileClasspath
net.neoforged:minecraft-dependencies:1.21.1=additionalRuntimeClasspath,clientLegacyClasspath,clientruntimeCompileClasspath,clientruntimeRuntimeClasspath,compileClasspath,neoFormRuntimeDependenciesCompileClasspath,neoFormRuntimeDependenciesRuntimeClasspath,runtimeClasspath,serverLegacyClasspath,serverruntimeCompileClasspath,serverruntimeRuntimeClasspath
net.neoforged:neoforge:21.1.233=additionalRuntimeClasspath,clientLegacyClasspath,clientModulesOnly,clientruntimeCompileClasspath,clientruntimeRuntimeClasspath,compileClasspath,neoForgeConfigOnly,neoFormRuntimeDependenciesCompileClasspath,neoFormRuntimeDependenciesNeoForgeClasses,neoFormRuntimeDependenciesNeoForgeSources,neoFormRuntimeDependenciesRuntimeClasspath,runtimeClasspath,serverLegacyClasspath,serverModulesOnly,serverruntimeCompileClasspath,serverruntimeRuntimeClasspath
net.neoforged:neoform-runtime:2.0.18=neoFormRuntimeExternalTools,neoFormRuntimeTool
net.neoforged:neoform:1.21.1-20240808.144430=additionalRuntimeClasspath,clientLegacyClasspath,clientruntimeCompileClasspath,clientruntimeRuntimeClasspath,compileClasspath,neoFormRuntimeDependenciesCompileClasspath,neoFormRuntimeDependenciesNeoForgeClasses,neoFormRuntimeDependenciesRuntimeClasspath,runtimeClasspath,serverLegacyClasspath,serverruntimeCompileClasspath,serverruntimeRuntimeClasspath
net.neoforged:srgutils:1.0.0=neoFormRuntimeExternalTools
net.sf.jopt-simple:jopt-simple:5.0.4=additionalRuntimeClasspath,clientLegacyClasspath,clientruntimeCompileClasspath,clientruntimeRuntimeClasspath,compileClasspath,neoFormRuntimeDependenciesCompileClasspath,neoFormRuntimeDependenciesRuntimeClasspath,runtimeClasspath,serverLegacyClasspath,serverruntimeCompileClasspath,serverruntimeRuntimeClasspath
net.sf.jopt-simple:jopt-simple:6.0-alpha-3=neoFormRuntimeExternalTools
org.antlr:antlr4-runtime:4.13.1=additionalRuntimeClasspath,clientLegacyClasspath,clientruntimeCompileClasspath,clientruntimeRuntimeClasspath,compileClasspath,neoFormRuntimeDependenciesCompileClasspath,neoFormRuntimeDependenciesRuntimeClasspath,runtimeClasspath,serverLegacyClasspath,serverruntimeCompileClasspath,serverruntimeRuntimeClasspath
org.apache.commons:commons-compress:1.18=neoFormRuntimeExternalTools
org.apache.commons:commons-compress:1.26.0=additionalRuntimeClasspath,clientLegacyClasspath,clientruntimeCompileClasspath,clientruntimeRuntimeClasspath,compileClasspath,neoFormRuntimeDependenciesCompileClasspath,neoFormRuntimeDependenciesRuntimeClasspath,runtimeClasspath,serverruntimeCompileClasspath,serverruntimeRuntimeClasspath
org.apache.commons:commons-lang3:3.14.0=additionalRuntimeClasspath,clientLegacyClasspath,clientruntimeCompileClasspath,clientruntimeRuntimeClasspath,compileClasspath,neoFormRuntimeDependenciesCompileClasspath,neoFormRuntimeDependenciesRuntimeClasspath,runtimeClasspath,serverLegacyClasspath,serverruntimeCompileClasspath,serverruntimeRuntimeClasspath
org.apache.commons:commons-lang3:3.9=neoFormRuntimeExternalTools
org.apache.httpcomponents:httpclient:4.5.13=additionalRuntimeClasspath,clientLegacyClasspath,clientruntimeCompileClasspath,clientruntimeRuntimeClasspath,compileClasspath,neoFormRuntimeDependenciesCompileClasspath,neoFormRuntimeDependenciesRuntimeClasspath,runtimeClasspath,serverruntimeCompileClasspath,serverruntimeRuntimeClasspath
org.apache.httpcomponents:httpcore:4.4.16=additionalRuntimeClasspath,clientLegacyClasspath,clientruntimeCompileClasspath,clientruntimeRuntimeClasspath,compileClasspath,neoFormRuntimeDependenciesCompileClasspath,neoFormRuntimeDependenciesRuntimeClasspath,runtimeClasspath,serverruntimeCompileClasspath,serverruntimeRuntimeClasspath
org.apache.logging.log4j:log4j-api:2.22.1=additionalRuntimeClasspath,clientLegacyClasspath,clientruntimeCompileClasspath,clientruntimeRuntimeClasspath,compileClasspath,neoFormRuntimeDependenciesCompileClasspath,neoFormRuntimeDependenciesRuntimeClasspath,runtimeClasspath,serverLegacyClasspath,serverruntimeCompileClasspath,serverruntimeRuntimeClasspath
org.apache.logging.log4j:log4j-core:2.22.1=additionalRuntimeClasspath,clientLegacyClasspath,clientruntimeCompileClasspath,clientruntimeRuntimeClasspath,compileClasspath,neoFormRuntimeDependenciesCompileClasspath,neoFormRuntimeDependenciesRuntimeClasspath,runtimeClasspath,serverLegacyClasspath,serverruntimeCompileClasspath,serverruntimeRuntimeClasspath
org.apache.logging.log4j:log4j-slf4j2-impl:2.22.1=additionalRuntimeClasspath,clientLegacyClasspath,clientruntimeCompileClasspath,clientruntimeRuntimeClasspath,compileClasspath,neoFormRuntimeDependenciesCompileClasspath,neoFormRuntimeDependenciesRuntimeClasspath,runtimeClasspath,serverLegacyClasspath,serverruntimeCompileClasspath,serverruntimeRuntimeClasspath
org.apache.maven:maven-artifact:3.8.5=additionalRuntimeClasspath,clientLegacyClasspath,clientruntimeCompileClasspath,clientruntimeRuntimeClasspath,compileClasspath,neoFormRuntimeDependenciesCompileClasspath,neoFormRuntimeDependenciesRuntimeClasspath,runtimeClasspath,serverLegacyClasspath,serverruntimeCompileClasspath,serverruntimeRuntimeClasspath
org.apiguardian:apiguardian-api:1.1.2=testCompileClasspath
org.checkerframework:checker-qual:3.33.0=additionalRuntimeClasspath,clientLegacyClasspath,clientruntimeCompileClasspath,clientruntimeRuntimeClasspath,compileClasspath,neoFormRuntimeDependenciesCompileClasspath,neoFormRuntimeDependenciesRuntimeClasspath,runtimeClasspath,serverLegacyClasspath,serverruntimeCompileClasspath,serverruntimeRuntimeClasspath
org.codehaus.plexus:plexus-utils:3.3.0=additionalRuntimeClasspath,clientLegacyClasspath,clientruntimeCompileClasspath,clientruntimeRuntimeClasspath,compileClasspath,neoFormRuntimeDependenciesCompileClasspath,neoFormRuntimeDependenciesRuntimeClasspath,runtimeClasspath,serverLegacyClasspath,serverruntimeCompileClasspath,serverruntimeRuntimeClasspath
org.jcraft:jorbis:0.0.17=additionalRuntimeClasspath,clientLegacyClasspath,clientruntimeCompileClasspath,clientruntimeRuntimeClasspath,compileClasspath,neoFormRuntimeDependenciesCompileClasspath,neoFormRuntimeDependenciesRuntimeClasspath,runtimeClasspath,serverruntimeCompileClasspath,serverruntimeRuntimeClasspath
org.jetbrains:annotations:24.1.0=clientruntimeCompileClasspath,compileClasspath,neoFormRuntimeDependenciesCompileClasspath,serverruntimeCompileClasspath
org.jline:jline-reader:3.20.0=additionalRuntimeClasspath,clientLegacyClasspath,clientruntimeCompileClasspath,clientruntimeRuntimeClasspath,compileClasspath,neoFormRuntimeDependenciesCompileClasspath,neoFormRuntimeDependenciesRuntimeClasspath,runtimeClasspath,serverLegacyClasspath,serverruntimeCompileClasspath,serverruntimeRuntimeClasspath
org.jline:jline-terminal:3.20.0=additionalRuntimeClasspath,clientLegacyClasspath,clientruntimeCompileClasspath,clientruntimeRuntimeClasspath,compileClasspath,neoFormRuntimeDependenciesCompileClasspath,neoFormRuntimeDependenciesRuntimeClasspath,runtimeClasspath,serverLegacyClasspath,serverruntimeCompileClasspath,serverruntimeRuntimeClasspath
org.joml:joml:1.10.5=additionalRuntimeClasspath,clientLegacyClasspath,clientruntimeCompileClasspath,clientruntimeRuntimeClasspath,compileClasspath,neoFormRuntimeDependenciesCompileClasspath,neoFormRuntimeDependenciesRuntimeClasspath,runtimeClasspath,serverLegacyClasspath,serverruntimeCompileClasspath,serverruntimeRuntimeClasspath
org.jspecify:jspecify:1.0.0=testCompileClasspath
org.junit.jupiter:junit-jupiter-api:6.1.2=testCompileClasspath,testRuntimeClasspath
org.junit.jupiter:junit-jupiter-engine:6.1.2=testRuntimeClasspath
org.junit.jupiter:junit-jupiter-params:6.1.2=testCompileClasspath,testRuntimeClasspath
org.junit.jupiter:junit-jupiter:6.1.2=testCompileClasspath,testRuntimeClasspath
org.junit.platform:junit-platform-commons:6.1.2=testCompileClasspath,testRuntimeClasspath
org.junit.platform:junit-platform-engine:6.1.2=testRuntimeClasspath
org.junit.platform:junit-platform-launcher:6.1.2=testRuntimeClasspath
org.junit:junit-bom:6.1.2=testCompileClasspath,testRuntimeClasspath
org.lwjgl:lwjgl-freetype:3.3.3=additionalRuntimeClasspath,clientLegacyClasspath,clientruntimeCompileClasspath,clientruntimeRuntimeClasspath,compileClasspath,neoFormRuntimeDependenciesCompileClasspath,neoFormRuntimeDependenciesRuntimeClasspath,runtimeClasspath,serverruntimeCompileClasspath,serverruntimeRuntimeClasspath
org.lwjgl:lwjgl-glfw:3.3.3=additionalRuntimeClasspath,clientLegacyClasspath,clientruntimeCompileClasspath,clientruntimeRuntimeClasspath,compileClasspath,neoFormRuntimeDependenciesCompileClasspath,neoFormRuntimeDependenciesRuntimeClasspath,runtimeClasspath,serverruntimeCompileClasspath,serverruntimeRuntimeClasspath
org.lwjgl:lwjgl-jemalloc:3.3.3=additionalRuntimeClasspath,clientLegacyClasspath,clientruntimeCompileClasspath,clientruntimeRuntimeClasspath,compileClasspath,neoFormRuntimeDependenciesCompileClasspath,neoFormRuntimeDependenciesRuntimeClasspath,runtimeClasspath,serverruntimeCompileClasspath,serverruntimeRuntimeClasspath
org.lwjgl:lwjgl-openal:3.3.3=additionalRuntimeClasspath,clientLegacyClasspath,clientruntimeCompileClasspath,clientruntimeRuntimeClasspath,compileClasspath,neoFormRuntimeDependenciesCompileClasspath,neoFormRuntimeDependenciesRuntimeClasspath,runtimeClasspath,serverruntimeCompileClasspath,serverruntimeRuntimeClasspath
org.lwjgl:lwjgl-opengl:3.3.3=additionalRuntimeClasspath,clientLegacyClasspath,clientruntimeCompileClasspath,clientruntimeRuntimeClasspath,compileClasspath,neoFormRuntimeDependenciesCompileClasspath,neoFormRuntimeDependenciesRuntimeClasspath,runtimeClasspath,serverruntimeCompileClasspath,serverruntimeRuntimeClasspath
org.lwjgl:lwjgl-stb:3.3.3=additionalRuntimeClasspath,clientLegacyClasspath,clientruntimeCompileClasspath,clientruntimeRuntimeClasspath,compileClasspath,neoFormRuntimeDependenciesCompileClasspath,neoFormRuntimeDependenciesRuntimeClasspath,runtimeClasspath,serverruntimeCompileClasspath,serverruntimeRuntimeClasspath
org.lwjgl:lwjgl-tinyfd:3.3.3=additionalRuntimeClasspath,clientLegacyClasspath,clientruntimeCompileClasspath,clientruntimeRuntimeClasspath,compileClasspath,neoFormRuntimeDependenciesCompileClasspath,neoFormRuntimeDependenciesRuntimeClasspath,runtimeClasspath,serverruntimeCompileClasspath,serverruntimeRuntimeClasspath
org.lwjgl:lwjgl:3.3.3=additionalRuntimeClasspath,clientLegacyClasspath,clientruntimeCompileClasspath,clientruntimeRuntimeClasspath,compileClasspath,neoFormRuntimeDependenciesCompileClasspath,neoFormRuntimeDependenciesRuntimeClasspath,runtimeClasspath,serverruntimeCompileClasspath,serverruntimeRuntimeClasspath
org.lz4:lz4-java:1.8.0=additionalRuntimeClasspath,clientLegacyClasspath,clientruntimeCompileClasspath,clientruntimeRuntimeClasspath,compileClasspath,neoFormRuntimeDependenciesCompileClasspath,neoFormRuntimeDependenciesRuntimeClasspath,runtimeClasspath,serverLegacyClasspath,serverruntimeCompileClasspath,serverruntimeRuntimeClasspath
org.openjdk.nashorn:nashorn-core:15.4=additionalRuntimeClasspath,clientLegacyClasspath,clientruntimeCompileClasspath,clientruntimeRuntimeClasspath,compileClasspath,neoFormRuntimeDependenciesCompileClasspath,neoFormRuntimeDependenciesRuntimeClasspath,runtimeClasspath,serverLegacyClasspath,serverruntimeCompileClasspath,serverruntimeRuntimeClasspath
org.opentest4j:opentest4j:1.3.0=testCompileClasspath,testRuntimeClasspath
org.ow2.asm:asm-analysis:9.5=neoFormRuntimeExternalTools
org.ow2.asm:asm-analysis:9.8=additionalRuntimeClasspath,clientLegacyClasspath,clientModulesOnly,clientruntimeCompileClasspath,clientruntimeRuntimeClasspath,compileClasspath,neoFormRuntimeDependenciesCompileClasspath,neoFormRuntimeDependenciesRuntimeClasspath,runtimeClasspath,serverLegacyClasspath,serverModulesOnly,serverruntimeCompileClasspath,serverruntimeRuntimeClasspath
org.ow2.asm:asm-commons:9.8=additionalRuntimeClasspath,clientLegacyClasspath,clientModulesOnly,clientruntimeCompileClasspath,clientruntimeRuntimeClasspath,compileClasspath,neoFormRuntimeDependenciesCompileClasspath,neoFormRuntimeDependenciesRuntimeClasspath,runtimeClasspath,serverLegacyClasspath,serverModulesOnly,serverruntimeCompileClasspath,serverruntimeRuntimeClasspath
org.ow2.asm:asm-commons:9.9.1=neoFormRuntimeExternalTools
org.ow2.asm:asm-tree:9.8=additionalRuntimeClasspath,clientLegacyClasspath,clientModulesOnly,clientruntimeCompileClasspath,clientruntimeRuntimeClasspath,compileClasspath,neoFormRuntimeDependenciesCompileClasspath,neoFormRuntimeDependenciesRuntimeClasspath,runtimeClasspath,serverLegacyClasspath,serverModulesOnly,serverruntimeCompileClasspath,serverruntimeRuntimeClasspath
org.ow2.asm:asm-tree:9.9.1=neoFormRuntimeExternalTools
org.ow2.asm:asm-util:9.5=neoFormRuntimeExternalTools
org.ow2.asm:asm-util:9.8=additionalRuntimeClasspath,clientLegacyClasspath,clientModulesOnly,clientruntimeCompileClasspath,clientruntimeRuntimeClasspath,compileClasspath,neoFormRuntimeDependenciesCompileClasspath,neoFormRuntimeDependenciesRuntimeClasspath,runtimeClasspath,serverLegacyClasspath,serverModulesOnly,serverruntimeCompileClasspath,serverruntimeRuntimeClasspath
org.ow2.asm:asm:9.8=additionalRuntimeClasspath,clientLegacyClasspath,clientModulesOnly,clientruntimeCompileClasspath,clientruntimeRuntimeClasspath,compileClasspath,neoFormRuntimeDependenciesCompileClasspath,neoFormRuntimeDependenciesRuntimeClasspath,runtimeClasspath,serverLegacyClasspath,serverModulesOnly,serverruntimeCompileClasspath,serverruntimeRuntimeClasspath
org.ow2.asm:asm:9.9.1=neoFormRuntimeExternalTools
org.parchmentmc.data:parchment-1.21.1:2024.11.17=parchmentData
org.slf4j:slf4j-api:2.0.9=additionalRuntimeClasspath,clientLegacyClasspath,clientruntimeCompileClasspath,clientruntimeRuntimeClasspath,compileClasspath,neoFormRuntimeDependenciesCompileClasspath,neoFormRuntimeDependenciesRuntimeClasspath,runtimeClasspath,serverLegacyClasspath,serverruntimeCompileClasspath,serverruntimeRuntimeClasspath
org.tukaani:xz:1.10=neoFormRuntimeExternalTools
org.vineflower:vineflower:1.10.1=neoFormRuntimeDependenciesNeoForgeClasses
trove:trove:1.0.2=neoFormRuntimeExternalTools
empty=accessTransformers,annotationProcessor,clientruntimeAnnotationProcessor,clientruntimeJarJar,interfaceInjectionData,jarJar,serverruntimeAnnotationProcessor,serverruntimeJarJar,testAnnotationProcessor,testJarJar
